{
  "originHash" : "088676faf7671ab286b499ff7a5546ec63c379f18420a3215693e49551ccb7d6",
  "pins" : [
    {
      "identity" : "snap-core",
      "kind" : "remoteSourceControl",
      "location" : "https://github.com/simonnickel/snap-core",
      "state" : {
        "branch" : "main",
        "revision" : "8f83dd6453e2c498d195c28f4cdce2326ee7f12c"
      }
    },
    {
      "identity" : "snap-matching-navigation",
      "kind" : "remoteSourceControl",
      "location" : "https://github.com/simonnickel/snap-matching-navigation",
      "state" : {
        "branch" : "main",
        "revision" : "2aa5f7e3133aaef8ec5f58ac35b5c757f6696ce5"
      }
    },
    {
      "identity" : "snap-settings-service",
      "kind" : "remoteSourceControl",
      "location" : "https://github.com/simonnickel/snap-settings-service",
      "state" : {
        "branch" : "main",
        "revision" : "6fa3bd1844e2581f1157ecb96c05ba2637247968"
      }
    },
    {
      "identity" : "snap-template-shared",
      "kind" : "remoteSourceControl",
      "location" : "https://github.com/simonnickel/snap-template-shared.git",
      "state" : {
        "branch" : "main",
        "revision" : "9e3b0cc11bc9b8a92cfd51151f4833eb9c0b335e"
      }
    }
  ],
  "version" : 3
}
