{
  "originHash" : "8fe065b63b735aa6c97a189b242ec50a2c5b25a1c175b956566e5ac310aedd19",
  "pins" : [
    {
      "identity" : "snap-core",
      "kind" : "remoteSourceControl",
      "location" : "https://github.com/simonnickel/snap-core",
      "state" : {
        "branch" : "main",
        "revision" : "5d717da38e2267a1afbdcf589ab574e19c0a7f82"
      }
    },
    {
      "identity" : "snap-matching-navigation",
      "kind" : "remoteSourceControl",
      "location" : "https://github.com/simonnickel/snap-matching-navigation",
      "state" : {
        "branch" : "main",
        "revision" : "2aa5f7e3133aaef8ec5f58ac35b5c757f6696ce5"
      }
    },
    {
      "identity" : "snap-settings-service",
      "kind" : "remoteSourceControl",
      "location" : "https://github.com/simonnickel/snap-settings-service",
      "state" : {
        "branch" : "main",
        "revision" : "6fa3bd1844e2581f1157ecb96c05ba2637247968"
      }
    },
    {
      "identity" : "snap-template-shared",
      "kind" : "remoteSourceControl",
      "location" : "https://github.com/simonnickel/snap-template-shared.git",
      "state" : {
        "branch" : "main",
        "revision" : "c7a88e8cd06f8e31036c18daeb0c13a4b14c4842"
      }
    },
    {
      "identity" : "snap-theme",
      "kind" : "remoteSourceControl",
      "location" : "https://github.com/simonnickel/snap-theme",
      "state" : {
        "branch" : "main",
        "revision" : "3e5d83dbc5f0c258faa20a01dd6b4ff7b605db1e"
      }
    }
  ],
  "version" : 3
}
