{
  "originHash" : "8fe065b63b735aa6c97a189b242ec50a2c5b25a1c175b956566e5ac310aedd19",
  "pins" : [
    {
      "identity" : "snap-core",
      "kind" : "remoteSourceControl",
      "location" : "https://github.com/simonnickel/snap-core",
      "state" : {
        "branch" : "main",
        "revision" : "87337c88da2fda8ff9e8b57fe7b84acaa3555a98"
      }
    },
    {
      "identity" : "snap-matching-navigation",
      "kind" : "remoteSourceControl",
      "location" : "https://github.com/simonnickel/snap-matching-navigation",
      "state" : {
        "branch" : "main",
        "revision" : "84cecc1b825d8d4a058fe9eb3e40bf6ebee63ce5"
      }
    },
    {
      "identity" : "snap-settings-service",
      "kind" : "remoteSourceControl",
      "location" : "https://github.com/simonnickel/snap-settings-service",
      "state" : {
        "branch" : "main",
        "revision" : "e2234e0f6172aa9a0317045ab1f1c0df3d6ee873"
      }
    },
    {
      "identity" : "snap-template-shared",
      "kind" : "remoteSourceControl",
      "location" : "https://github.com/simonnickel/snap-template-shared.git",
      "state" : {
        "branch" : "main",
        "revision" : "549da4e8abc12ac5548e16e91b4213a6b467a5e3"
      }
    },
    {
      "identity" : "snap-theme",
      "kind" : "remoteSourceControl",
      "location" : "https://github.com/simonnickel/snap-theme",
      "state" : {
        "branch" : "main",
        "revision" : "ba7ad58f1ff3a88a42fe13e3a112d6d8afcf13fa"
      }
    }
  ],
  "version" : 3
}
